# This file was autogenerated by Stack.
# You should not edit this file by hand.
# For more information, please see the documentation at:
#   https://docs.haskellstack.org/en/stable/lock_files

packages:
- completed:
    hackage: regex-posix-clib-2.7@sha256:998fca06da3d719818f0691ef0b8b9b7375afeea228cb08bd9e2db53f96b0cd7,1232
    pantry-tree:
      size: 524
      sha256: 5bf20952472d930323766d250f5fbbe3fe6f2cd3d931e5cf7b62a238ab2099ff
  original:
    hackage: regex-posix-clib-2.7
snapshots:
- completed:
    size: 567037
    url: https://raw.githubusercontent.com/commercialhaskell/stackage-snapshots/master/lts/17/9.yaml
    sha256: d7d8d5106e53d1669964bd8bd2b0f88a5ad192d772f5376384b76738fd992311
  original:
    url: https://raw.githubusercontent.com/commercialhaskell/stackage-snapshots/master/lts/17/9.yaml
